
Microsoft Visual Studio Solution File, Format Version 12.00
# Visual Studio Version 17
VisualStudioVersion = 17.0.32014.148
MinimumVisualStudioVersion = 10.0.40219.1
Project("{FAE04EC0-301F-11D3-BF4B-00C04F79EFBC}") = "Cifra_Substituicao", "Cifra_Substituicao\Cifra_Substituicao.csproj", "{B42B0CBB-9952-4627-A733-EBC568729F49}"
EndProject
Global
	GlobalSection(SolutionConfigurationPlatforms) = preSolution
		Debug|Any CPU = Debug|Any CPU
		Release|Any CPU = Release|Any CPU
	EndGlobalSection
	GlobalSection(ProjectConfigurationPlatforms) = postSolution
		{B42B0CBB-9952-4627-A733-EBC568729F49}.Debug|Any CPU.ActiveCfg = Debug|Any CPU
		{B42B0CBB-9952-4627-A733-EBC568729F49}.Debug|Any CPU.Build.0 = Debug|Any CPU
		{B42B0CBB-9952-4627-A733-EBC568729F49}.Release|Any CPU.ActiveCfg = Release|Any CPU
		{B42B0CBB-9952-4627-A733-EBC568729F49}.Release|Any CPU.Build.0 = Release|Any CPU
	EndGlobalSection
	GlobalSection(SolutionProperties) = preSolution
		HideSolutionNode = FALSE
	EndGlobalSection
	GlobalSection(ExtensibilityGlobals) = postSolution
		SolutionGuid = {595DB9AB-BBDF-49CC-A9C4-5F4376493F22}
	EndGlobalSection
EndGlobal
